
Microsoft Visual Studio Solution File, Format Version 12.00
# Visual Studio 15
VisualStudioVersion = 15.0.27428.2037
MinimumVisualStudioVersion = 10.0.40219.1
Project("{FAE04EC0-301F-11D3-BF4B-00C04F79EFBC}") = "Encryption", "Encryption\Encryption.csproj", "{5FEE1037-6299-4544-90E4-B688A179E514}"
EndProject
Global
	GlobalSection(SolutionConfigurationPlatforms) = preSolution
		Debug|Any CPU = Debug|Any CPU
		Release|Any CPU = Release|Any CPU
	EndGlobalSection
	GlobalSection(ProjectConfigurationPlatforms) = postSolution
		{5FEE1037-6299-4544-90E4-B688A179E514}.Debug|Any CPU.ActiveCfg = Debug|Any CPU
		{5FEE1037-6299-4544-90E4-B688A179E514}.Debug|Any CPU.Build.0 = Debug|Any CPU
		{5FEE1037-6299-4544-90E4-B688A179E514}.Release|Any CPU.ActiveCfg = Release|Any CPU
		{5FEE1037-6299-4544-90E4-B688A179E514}.Release|Any CPU.Build.0 = Release|Any CPU
	EndGlobalSection
	GlobalSection(SolutionProperties) = preSolution
		HideSolutionNode = FALSE
	EndGlobalSection
	GlobalSection(ExtensibilityGlobals) = postSolution
		SolutionGuid = {6C68B309-9657-4B3A-AE76-C3AC287E269A}
	EndGlobalSection
EndGlobal
